
Microsoft Visual Studio Solution File, Format Version 12.00
# Visual Studio 2013
VisualStudioVersion = 12.0.21005.1
MinimumVisualStudioVersion = 10.0.40219.1
Project("{8BC9CEB8-8B4A-11D0-8D11-00A0C91BC942}") = "12_9_2", "12_9_2\12_9_2.vcxproj", "{FEC9B74E-E1E6-4D37-A093-DE3129A44577}"
EndProject
Global
	GlobalSection(SolutionConfigurationPlatforms) = preSolution
		Debug|Win32 = Debug|Win32
		Release|Win32 = Release|Win32
	EndGlobalSection
	GlobalSection(ProjectConfigurationPlatforms) = postSolution
		{FEC9B74E-E1E6-4D37-A093-DE3129A44577}.Debug|Win32.ActiveCfg = Debug|Win32
		{FEC9B74E-E1E6-4D37-A093-DE3129A44577}.Debug|Win32.Build.0 = Debug|Win32
		{FEC9B74E-E1E6-4D37-A093-DE3129A44577}.Release|Win32.ActiveCfg = Release|Win32
		{FEC9B74E-E1E6-4D37-A093-DE3129A44577}.Release|Win32.Build.0 = Release|Win32
	EndGlobalSection
	GlobalSection(SolutionProperties) = preSolution
		HideSolutionNode = FALSE
	EndGlobalSection
EndGlobal
